github.com/bitly/go-simplejson v0.5.1 h1:xgwPbetQScXt1gh9BmoJ6j9JMr3TElvuIyjR8pgdoow=
github.com/bitly/go-simplejson v0.5.1/go.mod h1:YOPVLzCfwK14b4Sff3oP1AmGhI9T9Vsg84etUnlyp+Q=
github.com/yasseldg/bitget v1.0.12 h1:Nj2mfYL9XXqO6fJkTu3Q+QcEc0x0kbpOh4eONru5nnI=
github.com/yasseldg/bitget v1.0.12/go.mod h1:9ycvG3jZmhac2bkX7w+Y6tfqJU8i02VEanp8mlF8GdE=
